// !$*UTF8*$!
{
	archiveVersion = 1;
	classes = {
	};
	objectVersion = 46;
	objects = {

/* Begin PBXBuildFile section */
		907D24A61D3A0365009C18B0 /* AppDelegate.swift in Sources */ = {isa = PBXBuildFile; fileRef = 907D24A51D3A0365009C18B0 /* AppDelegate.swift */; };
		907D24A81D3A0365009C18B0 /* ViewController.swift in Sources */ = {isa = PBXBuildFile; fileRef = 907D24A71D3A0365009C18B0 /* ViewController.swift */; };
		907D24AB1D3A0365009C18B0 /* Main.storyboard in Resources */ = {isa = PBXBuildFile; fileRef = 907D24A91D3A0365009C18B0 /* Main.storyboard */; };
		907D24AE1D3A0365009C18B0 /* codemojopro.xcdatamodeld in Sources */ = {isa = PBXBuildFile; fileRef = 907D24AC1D3A0365009C18B0 /* codemojopro.xcdatamodeld */; };
		907D24B01D3A0365009C18B0 /* Assets.xcassets in Resources */ = {isa = PBXBuildFile; fileRef = 907D24AF1D3A0365009C18B0 /* Assets.xcassets */; };
		907D24B31D3A0365009C18B0 /* LaunchScreen.storyboard in Resources */ = {isa = PBXBuildFile; fileRef = 907D24B11D3A0365009C18B0 /* LaunchScreen.storyboard */; };
		907D24BE1D3A0365009C18B0 /* codemojoproTests.swift in Sources */ = {isa = PBXBuildFile; fileRef = 907D24BD1D3A0365009C18B0 /* codemojoproTests.swift */; };
		907D24C91D3A0365009C18B0 /* codemojoproUITests.swift in Sources */ = {isa = PBXBuildFile; fileRef = 907D24C81D3A0365009C18B0 /* codemojoproUITests.swift */; };
		909783881D3A4D6600AE91AC /* DashboardViewController.swift in Sources */ = {isa = PBXBuildFile; fileRef = 909783871D3A4D6600AE91AC /* DashboardViewController.swift */; };
		9099E0711D41F865009D8A5C /* codemojoframework.framework in Frameworks */ = {isa = PBXBuildFile; fileRef = 9099E0701D41F865009D8A5C /* codemojoframework.framework */; };
		9099E0721D41F865009D8A5C /* codemojoframework.framework in Embed Frameworks */ = {isa = PBXBuildFile; fileRef = 9099E0701D41F865009D8A5C /* codemojoframework.framework */; settings = {ATTRIBUTES = (CodeSignOnCopy, RemoveHeadersOnCopy, ); }; };
/* End PBXBuildFile section */

/* Begin PBXContainerItemProxy section */
		907D24BA1D3A0365009C18B0 /* PBXContainerItemProxy */ = {
			isa = PBXContainerItemProxy;
			containerPortal = 907D249A1D3A0365009C18B0 /* Project object */;
			proxyType = 1;
			remoteGlobalIDString = 907D24A11D3A0365009C18B0;
			remoteInfo = codemojopro;
		};
		907D24C51D3A0365009C18B0 /* PBXContainerItemProxy */ = {
			isa = PBXContainerItemProxy;
			containerPortal = 907D249A1D3A0365009C18B0 /* Project object */;
			proxyType = 1;
			remoteGlobalIDString = 907D24A11D3A0365009C18B0;
			remoteInfo = codemojopro;
		};
/* End PBXContainerItemProxy section */

/* Begin PBXCopyFilesBuildPhase section */
		9099E0731D41F865009D8A5C /* Embed Frameworks */ = {
			isa = PBXCopyFilesBuildPhase;
			buildActionMask = 2147483647;
			dstPath = "";
			dstSubfolderSpec = 10;
			files = (
				9099E0721D41F865009D8A5C /* codemojoframework.framework in Embed Frameworks */,
			);
			name = "Embed Frameworks";
			runOnlyForDeploymentPostprocessing = 0;
		};
/* End PBXCopyFilesBuildPhase section */

/* Begin PBXFileReference section */
		907D24A21D3A0365009C18B0 /* codemojopro.app */ = {isa = PBXFileReference; explicitFileType = wrapper.application; includeInIndex = 0; path = codemojopro.app; sourceTree = BUILT_PRODUCTS_DIR; };
		907D24A51D3A0365009C18B0 /* AppDelegate.swift */ = {isa = PBXFileReference; lastKnownFileType = sourcecode.swift; path = AppDelegate.swift; sourceTree = "<group>"; };
		907D24A71D3A0365009C18B0 /* ViewController.swift */ = {isa = PBXFileReference; lastKnownFileType = sourcecode.swift; path = ViewController.swift; sourceTree = "<group>"; };
		907D24AA1D3A0365009C18B0 /* Base */ = {isa = PBXFileReference; lastKnownFileType = file.storyboard; name = Base; path = Base.lproj/Main.storyboard; sourceTree = "<group>"; };
		907D24AD1D3A0365009C18B0 /* codemojopro.xcdatamodel */ = {isa = PBXFileReference; lastKnownFileType = wrapper.xcdatamodel; path = codemojopro.xcdatamodel; sourceTree = "<group>"; };
		907D24AF1D3A0365009C18B0 /* Assets.xcassets */ = {isa = PBXFileReference; lastKnownFileType = folder.assetcatalog; path = Assets.xcassets; sourceTree = "<group>"; };
		907D24B21D3A0365009C18B0 /* Base */ = {isa = PBXFileReference; lastKnownFileType = file.storyboard; name = Base; path = Base.lproj/LaunchScreen.storyboard; sourceTree = "<group>"; };
		907D24B41D3A0365009C18B0 /* Info.plist */ = {isa = PBXFileReference; lastKnownFileType = text.plist.xml; path = Info.plist; sourceTree = "<group>"; };
		907D24B91D3A0365009C18B0 /* codemojoproTests.xctest */ = {isa = PBXFileReference; explicitFileType = wrapper.cfbundle; includeInIndex = 0; path = codemojoproTests.xctest; sourceTree = BUILT_PRODUCTS_DIR; };
		907D24BD1D3A0365009C18B0 /* codemojoproTests.swift */ = {isa = PBXFileReference; lastKnownFileType = sourcecode.swift; path = codemojoproTests.swift; sourceTree = "<group>"; };
		907D24BF1D3A0365009C18B0 /* Info.plist */ = {isa = PBXFileReference; lastKnownFileType = text.plist.xml; path = Info.plist; sourceTree = "<group>"; };
		907D24C41D3A0365009C18B0 /* codemojoproUITests.xctest */ = {isa = PBXFileReference; explicitFileType = wrapper.cfbundle; includeInIndex = 0; path = codemojoproUITests.xctest; sourceTree = BUILT_PRODUCTS_DIR; };
		907D24C81D3A0365009C18B0 /* codemojoproUITests.swift */ = {isa = PBXFileReference; lastKnownFileType = sourcecode.swift; path = codemojoproUITests.swift; sourceTree = "<group>"; };
		907D24CA1D3A0365009C18B0 /* Info.plist */ = {isa = PBXFileReference; lastKnownFileType = text.plist.xml; path = Info.plist; sourceTree = "<group>"; };
		909783871D3A4D6600AE91AC /* DashboardViewController.swift */ = {isa = PBXFileReference; fileEncoding = 4; lastKnownFileType = sourcecode.swift; path = DashboardViewController.swift; sourceTree = "<group>"; };
		9099E0701D41F865009D8A5C /* codemojoframework.framework */ = {isa = PBXFileReference; lastKnownFileType = wrapper.framework; name = codemojoframework.framework; path = ../codemojoframework.framework; sourceTree = "<group>"; };
/* End PBXFileReference section */

/* Begin PBXFrameworksBuildPhase section */
		907D249F1D3A0365009C18B0 /* Frameworks */ = {
			isa = PBXFrameworksBuildPhase;
			buildActionMask = 2147483647;
			files = (
				9099E0711D41F865009D8A5C /* codemojoframework.framework in Frameworks */,
			);
			runOnlyForDeploymentPostprocessing = 0;
		};
		907D24B61D3A0365009C18B0 /* Frameworks */ = {
			isa = PBXFrameworksBuildPhase;
			buildActionMask = 2147483647;
			files = (
			);
			runOnlyForDeploymentPostprocessing = 0;
		};
		907D24C11D3A0365009C18B0 /* Frameworks */ = {
			isa = PBXFrameworksBuildPhase;
			buildActionMask = 2147483647;
			files = (
			);
			runOnlyForDeploymentPostprocessing = 0;
		};
/* End PBXFrameworksBuildPhase section */

/* Begin PBXGroup section */
		907D24991D3A0365009C18B0 = {
			isa = PBXGroup;
			children = (
				907D24A41D3A0365009C18B0 /* codemojopro */,
				907D24BC1D3A0365009C18B0 /* codemojoproTests */,
				907D24C71D3A0365009C18B0 /* codemojoproUITests */,
				907D24A31D3A0365009C18B0 /* Products */,
			);
			sourceTree = "<group>";
		};
		907D24A31D3A0365009C18B0 /* Products */ = {
			isa = PBXGroup;
			children = (
				907D24A21D3A0365009C18B0 /* codemojopro.app */,
				907D24B91D3A0365009C18B0 /* codemojoproTests.xctest */,
				907D24C41D3A0365009C18B0 /* codemojoproUITests.xctest */,
			);
			name = Products;
			sourceTree = "<group>";
		};
		907D24A41D3A0365009C18B0 /* codemojopro */ = {
			isa = PBXGroup;
			children = (
				907D24A51D3A0365009C18B0 /* AppDelegate.swift */,
				907D24A71D3A0365009C18B0 /* ViewController.swift */,
				909783871D3A4D6600AE91AC /* DashboardViewController.swift */,
				907D24A91D3A0365009C18B0 /* Main.storyboard */,
				907D24AF1D3A0365009C18B0 /* Assets.xcassets */,
				907D24B11D3A0365009C18B0 /* LaunchScreen.storyboard */,
				907D24B41D3A0365009C18B0 /* Info.plist */,
				907D24AC1D3A0365009C18B0 /* codemojopro.xcdatamodeld */,
				9099E0701D41F865009D8A5C /* codemojoframework.framework */,
			);
			path = codemojopro;
			sourceTree = "<group>";
		};
		907D24BC1D3A0365009C18B0 /* codemojoproTests */ = {
			isa = PBXGroup;
			children = (
				907D24BD1D3A0365009C18B0 /* codemojoproTests.swift */,
				907D24BF1D3A0365009C18B0 /* Info.plist */,
			);
			path = codemojoproTests;
			sourceTree = "<group>";
		};
		907D24C71D3A0365009C18B0 /* codemojoproUITests */ = {
			isa = PBXGroup;
			children = (
				907D24C81D3A0365009C18B0 /* codemojoproUITests.swift */,
				907D24CA1D3A0365009C18B0 /* Info.plist */,
			);
			path = codemojoproUITests;
			sourceTree = "<group>";
		};
/* End PBXGroup section */

/* Begin PBXNativeTarget section */
		907D24A11D3A0365009C18B0 /* codemojopro */ = {
			isa = PBXNativeTarget;
			buildConfigurationList = 907D24CD1D3A0365009C18B0 /* Build configuration list for PBXNativeTarget "codemojopro" */;
			buildPhases = (
				907D249E1D3A0365009C18B0 /* Sources */,
				907D249F1D3A0365009C18B0 /* Frameworks */,
				907D24A01D3A0365009C18B0 /* Resources */,
				9099E0731D41F865009D8A5C /* Embed Frameworks */,
			);
			buildRules = (
			);
			dependencies = (
			);
			name = codemojopro;
			productName = codemojopro;
			productReference = 907D24A21D3A0365009C18B0 /* codemojopro.app */;
			productType = "com.apple.product-type.application";
		};
		907D24B81D3A0365009C18B0 /* codemojoproTests */ = {
			isa = PBXNativeTarget;
			buildConfigurationList = 907D24D01D3A0365009C18B0 /* Build configuration list for PBXNativeTarget "codemojoproTests" */;
			buildPhases = (
				907D24B51D3A0365009C18B0 /* Sources */,
				907D24B61D3A0365009C18B0 /* Frameworks */,
				907D24B71D3A0365009C18B0 /* Resources */,
			);
			buildRules = (
			);
			dependencies = (
				907D24BB1D3A0365009C18B0 /* PBXTargetDependency */,
			);
			name = codemojoproTests;
			productName = codemojoproTests;
			productReference = 907D24B91D3A0365009C18B0 /* codemojoproTests.xctest */;
			productType = "com.apple.product-type.bundle.unit-test";
		};
		907D24C31D3A0365009C18B0 /* codemojoproUITests */ = {
			isa = PBXNativeTarget;
			buildConfigurationList = 907D24D31D3A0365009C18B0 /* Build configuration list for PBXNativeTarget "codemojoproUITests" */;
			buildPhases = (
				907D24C01D3A0365009C18B0 /* Sources */,
				907D24C11D3A0365009C18B0 /* Frameworks */,
				907D24C21D3A0365009C18B0 /* Resources */,
			);
			buildRules = (
			);
			dependencies = (
				907D24C61D3A0365009C18B0 /* PBXTargetDependency */,
			);
			name = codemojoproUITests;
			productName = codemojoproUITests;
			productReference = 907D24C41D3A0365009C18B0 /* codemojoproUITests.xctest */;
			productType = "com.apple.product-type.bundle.ui-testing";
		};
/* End PBXNativeTarget section */

/* Begin PBXProject section */
		907D249A1D3A0365009C18B0 /* Project object */ = {
			isa = PBXProject;
			attributes = {
				LastSwiftUpdateCheck = 0730;
				LastUpgradeCheck = 0730;
				ORGANIZATIONNAME = abservetech;
				TargetAttributes = {
					907D24A11D3A0365009C18B0 = {
						CreatedOnToolsVersion = 7.3.1;
						DevelopmentTeam = 3TW8J27997;
					};
					907D24B81D3A0365009C18B0 = {
						CreatedOnToolsVersion = 7.3.1;
						TestTargetID = 907D24A11D3A0365009C18B0;
					};
					907D24C31D3A0365009C18B0 = {
						CreatedOnToolsVersion = 7.3.1;
						TestTargetID = 907D24A11D3A0365009C18B0;
					};
				};
			};
			buildConfigurationList = 907D249D1D3A0365009C18B0 /* Build configuration list for PBXProject "codemojopro" */;
			compatibilityVersion = "Xcode 3.2";
			developmentRegion = English;
			hasScannedForEncodings = 0;
			knownRegions = (
				en,
				Base,
			);
			mainGroup = 907D24991D3A0365009C18B0;
			productRefGroup = 907D24A31D3A0365009C18B0 /* Products */;
			projectDirPath = "";
			projectRoot = "";
			targets = (
				907D24A11D3A0365009C18B0 /* codemojopro */,
				907D24B81D3A0365009C18B0 /* codemojoproTests */,
				907D24C31D3A0365009C18B0 /* codemojoproUITests */,
			);
		};
/* End PBXProject section */

/* Begin PBXResourcesBuildPhase section */
		907D24A01D3A0365009C18B0 /* Resources */ = {
			isa = PBXResourcesBuildPhase;
			buildActionMask = 2147483647;
			files = (
				907D24B31D3A0365009C18B0 /* LaunchScreen.storyboard in Resources */,
				907D24B01D3A0365009C18B0 /* Assets.xcassets in Resources */,
				907D24AB1D3A0365009C18B0 /* Main.storyboard in Resources */,
			);
			runOnlyForDeploymentPostprocessing = 0;
		};
		907D24B71D3A0365009C18B0 /* Resources */ = {
			isa = PBXResourcesBuildPhase;
			buildActionMask = 2147483647;
			files = (
			);
			runOnlyForDeploymentPostprocessing = 0;
		};
		907D24C21D3A0365009C18B0 /* Resources */ = {
			isa = PBXResourcesBuildPhase;
			buildActionMask = 2147483647;
			files = (
			);
			runOnlyForDeploymentPostprocessing = 0;
		};
/* End PBXResourcesBuildPhase section */

/* Begin PBXSourcesBuildPhase section */
		907D249E1D3A0365009C18B0 /* Sources */ = {
			isa = PBXSourcesBuildPhase;
			buildActionMask = 2147483647;
			files = (
				907D24A81D3A0365009C18B0 /* ViewController.swift in Sources */,
				907D24A61D3A0365009C18B0 /* AppDelegate.swift in Sources */,
				907D24AE1D3A0365009C18B0 /* codemojopro.xcdatamodeld in Sources */,
				909783881D3A4D6600AE91AC /* DashboardViewController.swift in Sources */,
			);
			runOnlyForDeploymentPostprocessing = 0;
		};
		907D24B51D3A0365009C18B0 /* Sources */ = {
			isa = PBXSourcesBuildPhase;
			buildActionMask = 2147483647;
			files = (
				907D24BE1D3A0365009C18B0 /* codemojoproTests.swift in Sources */,
			);
			runOnlyForDeploymentPostprocessing = 0;
		};
		907D24C01D3A0365009C18B0 /* Sources */ = {
			isa = PBXSourcesBuildPhase;
			buildActionMask = 2147483647;
			files = (
				907D24C91D3A0365009C18B0 /* codemojoproUITests.swift in Sources */,
			);
			runOnlyForDeploymentPostprocessing = 0;
		};
/* End PBXSourcesBuildPhase section */

/* Begin PBXTargetDependency section */
		907D24BB1D3A0365009C18B0 /* PBXTargetDependency */ = {
			isa = PBXTargetDependency;
			target = 907D24A11D3A0365009C18B0 /* codemojopro */;
			targetProxy = 907D24BA1D3A0365009C18B0 /* PBXContainerItemProxy */;
		};
		907D24C61D3A0365009C18B0 /* PBXTargetDependency */ = {
			isa = PBXTargetDependency;
			target = 907D24A11D3A0365009C18B0 /* codemojopro */;
			targetProxy = 907D24C51D3A0365009C18B0 /* PBXContainerItemProxy */;
		};
/* End PBXTargetDependency section */

/* Begin PBXVariantGroup section */
		907D24A91D3A0365009C18B0 /* Main.storyboard */ = {
			isa = PBXVariantGroup;
			children = (
				907D24AA1D3A0365009C18B0 /* Base */,
			);
			name = Main.storyboard;
			sourceTree = "<group>";
		};
		907D24B11D3A0365009C18B0 /* LaunchScreen.storyboard */ = {
			isa = PBXVariantGroup;
			children = (
				907D24B21D3A0365009C18B0 /* Base */,
			);
			name = LaunchScreen.storyboard;
			sourceTree = "<group>";
		};
/* End PBXVariantGroup section */

/* Begin XCBuildConfiguration section */
		907D24CB1D3A0365009C18B0 /* Debug */ = {
			isa = XCBuildConfiguration;
			buildSettings = {
				ALWAYS_SEARCH_USER_PATHS = NO;
				CLANG_ANALYZER_NONNULL = YES;
				CLANG_CXX_LANGUAGE_STANDARD = "gnu++0x";
				CLANG_CXX_LIBRARY = "libc++";
				CLANG_ENABLE_MODULES = YES;
				CLANG_ENABLE_OBJC_ARC = YES;
				CLANG_WARN_BOOL_CONVERSION = YES;
				CLANG_WARN_CONSTANT_CONVERSION = YES;
				CLANG_WARN_DIRECT_OBJC_ISA_USAGE = YES_ERROR;
				CLANG_WARN_EMPTY_BODY = YES;
				CLANG_WARN_ENUM_CONVERSION = YES;
				CLANG_WARN_INT_CONVERSION = YES;
				CLANG_WARN_OBJC_ROOT_CLASS = YES_ERROR;
				CLANG_WARN_UNREACHABLE_CODE = YES;
				CLANG_WARN__DUPLICATE_METHOD_MATCH = YES;
				CODE_SIGN_IDENTITY = "iPhone Developer: venkatesh kumar (S8B9378283)";
				"CODE_SIGN_IDENTITY[sdk=iphoneos*]" = "iPhone Developer: venkatesh kumar (S8B9378283)";
				COPY_PHASE_STRIP = NO;
				DEBUG_INFORMATION_FORMAT = dwarf;
				ENABLE_STRICT_OBJC_MSGSEND = YES;
				ENABLE_TESTABILITY = YES;
				GCC_C_LANGUAGE_STANDARD = gnu99;
				GCC_DYNAMIC_NO_PIC = NO;
				GCC_NO_COMMON_BLOCKS = YES;
				GCC_OPTIMIZATION_LEVEL = 0;
				GCC_PREPROCESSOR_DEFINITIONS = (
					"DEBUG=1",
					"$(inherited)",
				);
				GCC_WARN_64_TO_32_BIT_CONVERSION = YES;
				GCC_WARN_ABOUT_RETURN_TYPE = YES_ERROR;
				GCC_WARN_UNDECLARED_SELECTOR = YES;
				GCC_WARN_UNINITIALIZED_AUTOS = YES_AGGRESSIVE;
				GCC_WARN_UNUSED_FUNCTION = YES;
				GCC_WARN_UNUSED_VARIABLE = YES;
				IPHONEOS_DEPLOYMENT_TARGET = 9.3;
				MTL_ENABLE_DEBUG_INFO = YES;
				ONLY_ACTIVE_ARCH = YES;
				PROVISIONING_PROFILE = "c3756584-ce39-4709-ab26-4f5399a02193";
				SDKROOT = iphoneos;
				SWIFT_OPTIMIZATION_LEVEL = "-Onone";
				TARGETED_DEVICE_FAMILY = "1,2";
			};
			name = Debug;
		};
		907D24CC1D3A0365009C18B0 /* Release */ = {
			isa = XCBuildConfiguration;
			buildSettings = {
				ALWAYS_SEARCH_USER_PATHS = NO;
				CLANG_ANALYZER_NONNULL = YES;
				CLANG_CXX_LANGUAGE_STANDARD = "gnu++0x";
				CLANG_CXX_LIBRARY = "libc++";
				CLANG_ENABLE_MODULES = YES;
				CLANG_ENABLE_OBJC_ARC = YES;
				CLANG_WARN_BOOL_CONVERSION = YES;
				CLANG_WARN_CONSTANT_CONVERSION = YES;
				CLANG_WARN_DIRECT_OBJC_ISA_USAGE = YES_ERROR;
				CLANG_WARN_EMPTY_BODY = YES;
				CLANG_WARN_ENUM_CONVERSION = YES;
				CLANG_WARN_INT_CONVERSION = YES;
				CLANG_WARN_OBJC_ROOT_CLASS = YES_ERROR;
				CLANG_WARN_UNREACHABLE_CODE = YES;
				CLANG_WARN__DUPLICATE_METHOD_MATCH = YES;
				CODE_SIGN_IDENTITY = "iPhone Developer: venkatesh kumar (S8B9378283)";
				"CODE_SIGN_IDENTITY[sdk=iphoneos*]" = "iPhone Developer: venkatesh kumar (S8B9378283)";
				COPY_PHASE_STRIP = NO;
				DEBUG_INFORMATION_FORMAT = "dwarf-with-dsym";
				ENABLE_NS_ASSERTIONS = NO;
				ENABLE_STRICT_OBJC_MSGSEND = YES;
				GCC_C_LANGUAGE_STANDARD = gnu99;
				GCC_NO_COMMON_BLOCKS = YES;
				GCC_WARN_64_TO_32_BIT_CONVERSION = YES;
				GCC_WARN_ABOUT_RETURN_TYPE = YES_ERROR;
				GCC_WARN_UNDECLARED_SELECTOR = YES;
				GCC_WARN_UNINITIALIZED_AUTOS = YES_AGGRESSIVE;
				GCC_WARN_UNUSED_FUNCTION = YES;
				GCC_WARN_UNUSED_VARIABLE = YES;
				IPHONEOS_DEPLOYMENT_TARGET = 9.3;
				MTL_ENABLE_DEBUG_INFO = NO;
				PROVISIONING_PROFILE = "c3756584-ce39-4709-ab26-4f5399a02193";
				SDKROOT = iphoneos;
				TARGETED_DEVICE_FAMILY = "1,2";
				VALIDATE_PRODUCT = YES;
			};
			name = Release;
		};
		907D24CE1D3A0365009C18B0 /* Debug */ = {
			isa = XCBuildConfiguration;
			buildSettings = {
				ASSETCATALOG_COMPILER_APPICON_NAME = AppIcon;
				CODE_SIGN_IDENTITY = "iPhone Developer: venkatesh kumar (S8B9378283)";
				"CODE_SIGN_IDENTITY[sdk=iphoneos*]" = "iPhone Developer: venkatesh kumar (S8B9378283)";
				FRAMEWORK_SEARCH_PATHS = (
					"$(inherited)",
					"$(PROJECT_DIR)/codemojopro",
					"$(PROJECT_DIR)",
				);
				INFOPLIST_FILE = codemojopro/Info.plist;
				LD_RUNPATH_SEARCH_PATHS = "$(inherited) @executable_path/Frameworks";
				ONLY_ACTIVE_ARCH = YES;
				PRODUCT_BUNDLE_IDENTIFIER = com.abservetech.codemojo;
				PRODUCT_NAME = "$(TARGET_NAME)";
				PROVISIONING_PROFILE = "c3756584-ce39-4709-ab26-4f5399a02193";
				TARGETED_DEVICE_FAMILY = "1,2";
			};
			name = Debug;
		};
		907D24CF1D3A0365009C18B0 /* Release */ = {
			isa = XCBuildConfiguration;
			buildSettings = {
				ASSETCATALOG_COMPILER_APPICON_NAME = AppIcon;
				CODE_SIGN_IDENTITY = "iPhone Developer: venkatesh kumar (S8B9378283)";
				"CODE_SIGN_IDENTITY[sdk=iphoneos*]" = "iPhone Developer: venkatesh kumar (S8B9378283)";
				FRAMEWORK_SEARCH_PATHS = (
					"$(inherited)",
					"$(PROJECT_DIR)/codemojopro",
					"$(PROJECT_DIR)",
				);
				INFOPLIST_FILE = codemojopro/Info.plist;
				LD_RUNPATH_SEARCH_PATHS = "$(inherited) @executable_path/Frameworks";
				ONLY_ACTIVE_ARCH = NO;
				PRODUCT_BUNDLE_IDENTIFIER = com.abservetech.codemojo;
				PRODUCT_NAME = "$(TARGET_NAME)";
				PROVISIONING_PROFILE = "c3756584-ce39-4709-ab26-4f5399a02193";
				TARGETED_DEVICE_FAMILY = "1,2";
			};
			name = Release;
		};
		907D24D11D3A0365009C18B0 /* Debug */ = {
			isa = XCBuildConfiguration;
			buildSettings = {
				BUNDLE_LOADER = "$(TEST_HOST)";
				CODE_SIGN_IDENTITY = "iPhone Developer: venkatesh kumar (S8B9378283)";
				"CODE_SIGN_IDENTITY[sdk=iphoneos*]" = "iPhone Developer: venkatesh kumar (S8B9378283)";
				INFOPLIST_FILE = codemojoproTests/Info.plist;
				LD_RUNPATH_SEARCH_PATHS = "$(inherited) @executable_path/Frameworks @loader_path/Frameworks";
				PRODUCT_BUNDLE_IDENTIFIER = com.abservetech.codemojoproTests;
				PRODUCT_NAME = "$(TARGET_NAME)";
				PROVISIONING_PROFILE = "c3756584-ce39-4709-ab26-4f5399a02193";
				TEST_HOST = "$(BUILT_PRODUCTS_DIR)/codemojopro.app/codemojopro";
			};
			name = Debug;
		};
		907D24D21D3A0365009C18B0 /* Release */ = {
			isa = XCBuildConfiguration;
			buildSettings = {
				BUNDLE_LOADER = "$(TEST_HOST)";
				CODE_SIGN_IDENTITY = "iPhone Developer: venkatesh kumar (S8B9378283)";
				"CODE_SIGN_IDENTITY[sdk=iphoneos*]" = "iPhone Developer: venkatesh kumar (S8B9378283)";
				INFOPLIST_FILE = codemojoproTests/Info.plist;
				LD_RUNPATH_SEARCH_PATHS = "$(inherited) @executable_path/Frameworks @loader_path/Frameworks";
				PRODUCT_BUNDLE_IDENTIFIER = com.abservetech.codemojoproTests;
				PRODUCT_NAME = "$(TARGET_NAME)";
				PROVISIONING_PROFILE = "c3756584-ce39-4709-ab26-4f5399a02193";
				TEST_HOST = "$(BUILT_PRODUCTS_DIR)/codemojopro.app/codemojopro";
			};
			name = Release;
		};
		907D24D41D3A0365009C18B0 /* Debug */ = {
			isa = XCBuildConfiguration;
			buildSettings = {
				CODE_SIGN_IDENTITY = "iPhone Developer: venkatesh kumar (S8B9378283)";
				"CODE_SIGN_IDENTITY[sdk=iphoneos*]" = "iPhone Developer: venkatesh kumar (S8B9378283)";
				INFOPLIST_FILE = codemojoproUITests/Info.plist;
				LD_RUNPATH_SEARCH_PATHS = "$(inherited) @executable_path/Frameworks @loader_path/Frameworks";
				PRODUCT_BUNDLE_IDENTIFIER = com.abservetech.codemojoproUITests;
				PRODUCT_NAME = "$(TARGET_NAME)";
				PROVISIONING_PROFILE = "c3756584-ce39-4709-ab26-4f5399a02193";
				TEST_TARGET_NAME = codemojopro;
			};
			name = Debug;
		};
		907D24D51D3A0365009C18B0 /* Release */ = {
			isa = XCBuildConfiguration;
			buildSettings = {
				CODE_SIGN_IDENTITY = "iPhone Developer: venkatesh kumar (S8B9378283)";
				"CODE_SIGN_IDENTITY[sdk=iphoneos*]" = "iPhone Developer: venkatesh kumar (S8B9378283)";
				INFOPLIST_FILE = codemojoproUITests/Info.plist;
				LD_RUNPATH_SEARCH_PATHS = "$(inherited) @executable_path/Frameworks @loader_path/Frameworks";
				PRODUCT_BUNDLE_IDENTIFIER = com.abservetech.codemojoproUITests;
				PRODUCT_NAME = "$(TARGET_NAME)";
				PROVISIONING_PROFILE = "c3756584-ce39-4709-ab26-4f5399a02193";
				TEST_TARGET_NAME = codemojopro;
			};
			name = Release;
		};
/* End XCBuildConfiguration section */

/* Begin XCConfigurationList section */
		907D249D1D3A0365009C18B0 /* Build configuration list for PBXProject "codemojopro" */ = {
			isa = XCConfigurationList;
			buildConfigurations = (
				907D24CB1D3A0365009C18B0 /* Debug */,
				907D24CC1D3A0365009C18B0 /* Release */,
			);
			defaultConfigurationIsVisible = 0;
			defaultConfigurationName = Release;
		};
		907D24CD1D3A0365009C18B0 /* Build configuration list for PBXNativeTarget "codemojopro" */ = {
			isa = XCConfigurationList;
			buildConfigurations = (
				907D24CE1D3A0365009C18B0 /* Debug */,
				907D24CF1D3A0365009C18B0 /* Release */,
			);
			defaultConfigurationIsVisible = 0;
			defaultConfigurationName = Release;
		};
		907D24D01D3A0365009C18B0 /* Build configuration list for PBXNativeTarget "codemojoproTests" */ = {
			isa = XCConfigurationList;
			buildConfigurations = (
				907D24D11D3A0365009C18B0 /* Debug */,
				907D24D21D3A0365009C18B0 /* Release */,
			);
			defaultConfigurationIsVisible = 0;
			defaultConfigurationName = Release;
		};
		907D24D31D3A0365009C18B0 /* Build configuration list for PBXNativeTarget "codemojoproUITests" */ = {
			isa = XCConfigurationList;
			buildConfigurations = (
				907D24D41D3A0365009C18B0 /* Debug */,
				907D24D51D3A0365009C18B0 /* Release */,
			);
			defaultConfigurationIsVisible = 0;
			defaultConfigurationName = Release;
		};
/* End XCConfigurationList section */

/* Begin XCVersionGroup section */
		907D24AC1D3A0365009C18B0 /* codemojopro.xcdatamodeld */ = {
			isa = XCVersionGroup;
			children = (
				907D24AD1D3A0365009C18B0 /* codemojopro.xcdatamodel */,
			);
			currentVersion = 907D24AD1D3A0365009C18B0 /* codemojopro.xcdatamodel */;
			path = codemojopro.xcdatamodeld;
			sourceTree = "<group>";
			versionGroupType = wrapper.xcdatamodel;
		};
/* End XCVersionGroup section */
	};
	rootObject = 907D249A1D3A0365009C18B0 /* Project object */;
}
